
Microsoft Visual Studio Solution File, Format Version 12.00
# Visual Studio Version 16
VisualStudioVersion = 16.0.31729.503
MinimumVisualStudioVersion = 10.0.40219.1
Project("{2150E333-8FDC-42A3-9474-1A3956D46DE8}") = "Api", "Api", "{3EFFA348-64BB-484B-AB3B-839D6C3C8424}"
EndProject
Project("{9A19103F-16F7-4668-BE54-9A1E7A4F7556}") = "TaskManagemantApi", "Api\TaskManagemantApi\TaskManagemantApi.csproj", "{B151E5F9-F98F-4620-9B67-A78699652BE3}"
EndProject
Project("{2150E333-8FDC-42A3-9474-1A3956D46DE8}") = "Core", "Core", "{EE2A9459-CA21-492A-BC54-2E8F3C4A608C}"
EndProject
Project("{2150E333-8FDC-42A3-9474-1A3956D46DE8}") = "Core.Domain", "Core.Domain", "{6F4D9F4B-8138-441A-9A82-CB625F9452A7}"
EndProject
Project("{2150E333-8FDC-42A3-9474-1A3956D46DE8}") = "Core.Persistence", "Core.Persistence", "{CA5D2833-6BED-41C8-8820-38E412B6276D}"
EndProject
Project("{2150E333-8FDC-42A3-9474-1A3956D46DE8}") = "Core.Application", "Core.Application", "{A076113C-9962-4B91-AB44-97D821B93A4E}"
EndProject
Project("{9A19103F-16F7-4668-BE54-9A1E7A4F7556}") = "TaskDomain", "Core\Core.Domain\TaskDomain\TaskDomain.csproj", "{FBDE1374-BE0C-471C-9BD2-F3EA81D8E950}"
EndProject
Project("{9A19103F-16F7-4668-BE54-9A1E7A4F7556}") = "TaskPersistence", "Core\Core.Persistence\TaskPersistence\TaskPersistence.csproj", "{620A588F-1094-4F0C-880E-4E829749C458}"
EndProject
Project("{9A19103F-16F7-4668-BE54-9A1E7A4F7556}") = "TaskApplication", "Core\Core.Application\TaskApplication\TaskApplication.csproj", "{AABBB9DE-E712-4642-8220-2B0B5DC45698}"
EndProject
Project("{2150E333-8FDC-42A3-9474-1A3956D46DE8}") = "Core.Shared", "Core.Shared", "{39C549DE-F767-442E-B42A-3C2F07E56D7F}"
EndProject
Project("{9A19103F-16F7-4668-BE54-9A1E7A4F7556}") = "AppShared", "Core\Core.Shared\AppShared\AppShared.csproj", "{E44C2148-2067-42B2-A5D0-1D0157132914}"
EndProject
Project("{2150E333-8FDC-42A3-9474-1A3956D46DE8}") = "Core.Infrastructure", "Core.Infrastructure", "{5C011C13-5EBE-4674-9076-A7779F044851}"
EndProject
Project("{9A19103F-16F7-4668-BE54-9A1E7A4F7556}") = "Infrastructure", "Core\Core.Infrastructure\Infrastructure\Infrastructure.csproj", "{2ACEAEE1-37C8-4759-89E0-D2F59007A679}"
EndProject
Project("{2150E333-8FDC-42A3-9474-1A3956D46DE8}") = "Api.Test", "Api.Test", "{2B9E76D6-D512-4491-8E67-33D15AC9794B}"
EndProject
Project("{FAE04EC0-301F-11D3-BF4B-00C04F79EFBC}") = "TaskManagementTestProject", "Api.Test\TaskManagementTestProject\TaskManagementTestProject.csproj", "{18D8C4E4-3524-45C6-8043-5DB2A61C8B8C}"
EndProject
Global
	GlobalSection(SolutionConfigurationPlatforms) = preSolution
		Debug|Any CPU = Debug|Any CPU
		Release|Any CPU = Release|Any CPU
	EndGlobalSection
	GlobalSection(ProjectConfigurationPlatforms) = postSolution
		{B151E5F9-F98F-4620-9B67-A78699652BE3}.Debug|Any CPU.ActiveCfg = Debug|Any CPU
		{B151E5F9-F98F-4620-9B67-A78699652BE3}.Debug|Any CPU.Build.0 = Debug|Any CPU
		{B151E5F9-F98F-4620-9B67-A78699652BE3}.Release|Any CPU.ActiveCfg = Release|Any CPU
		{B151E5F9-F98F-4620-9B67-A78699652BE3}.Release|Any CPU.Build.0 = Release|Any CPU
		{FBDE1374-BE0C-471C-9BD2-F3EA81D8E950}.Debug|Any CPU.ActiveCfg = Debug|Any CPU
		{FBDE1374-BE0C-471C-9BD2-F3EA81D8E950}.Debug|Any CPU.Build.0 = Debug|Any CPU
		{FBDE1374-BE0C-471C-9BD2-F3EA81D8E950}.Release|Any CPU.ActiveCfg = Release|Any CPU
		{FBDE1374-BE0C-471C-9BD2-F3EA81D8E950}.Release|Any CPU.Build.0 = Release|Any CPU
		{620A588F-1094-4F0C-880E-4E829749C458}.Debug|Any CPU.ActiveCfg = Debug|Any CPU
		{620A588F-1094-4F0C-880E-4E829749C458}.Debug|Any CPU.Build.0 = Debug|Any CPU
		{620A588F-1094-4F0C-880E-4E829749C458}.Release|Any CPU.ActiveCfg = Release|Any CPU
		{620A588F-1094-4F0C-880E-4E829749C458}.Release|Any CPU.Build.0 = Release|Any CPU
		{AABBB9DE-E712-4642-8220-2B0B5DC45698}.Debug|Any CPU.ActiveCfg = Debug|Any CPU
		{AABBB9DE-E712-4642-8220-2B0B5DC45698}.Debug|Any CPU.Build.0 = Debug|Any CPU
		{AABBB9DE-E712-4642-8220-2B0B5DC45698}.Release|Any CPU.ActiveCfg = Release|Any CPU
		{AABBB9DE-E712-4642-8220-2B0B5DC45698}.Release|Any CPU.Build.0 = Release|Any CPU
		{E44C2148-2067-42B2-A5D0-1D0157132914}.Debug|Any CPU.ActiveCfg = Debug|Any CPU
		{E44C2148-2067-42B2-A5D0-1D0157132914}.Debug|Any CPU.Build.0 = Debug|Any CPU
		{E44C2148-2067-42B2-A5D0-1D0157132914}.Release|Any CPU.ActiveCfg = Release|Any CPU
		{E44C2148-2067-42B2-A5D0-1D0157132914}.Release|Any CPU.Build.0 = Release|Any CPU
		{2ACEAEE1-37C8-4759-89E0-D2F59007A679}.Debug|Any CPU.ActiveCfg = Debug|Any CPU
		{2ACEAEE1-37C8-4759-89E0-D2F59007A679}.Debug|Any CPU.Build.0 = Debug|Any CPU
		{2ACEAEE1-37C8-4759-89E0-D2F59007A679}.Release|Any CPU.ActiveCfg = Release|Any CPU
		{2ACEAEE1-37C8-4759-89E0-D2F59007A679}.Release|Any CPU.Build.0 = Release|Any CPU
		{18D8C4E4-3524-45C6-8043-5DB2A61C8B8C}.Debug|Any CPU.ActiveCfg = Debug|Any CPU
		{18D8C4E4-3524-45C6-8043-5DB2A61C8B8C}.Debug|Any CPU.Build.0 = Debug|Any CPU
		{18D8C4E4-3524-45C6-8043-5DB2A61C8B8C}.Release|Any CPU.ActiveCfg = Release|Any CPU
		{18D8C4E4-3524-45C6-8043-5DB2A61C8B8C}.Release|Any CPU.Build.0 = Release|Any CPU
	EndGlobalSection
	GlobalSection(SolutionProperties) = preSolution
		HideSolutionNode = FALSE
	EndGlobalSection
	GlobalSection(NestedProjects) = preSolution
		{B151E5F9-F98F-4620-9B67-A78699652BE3} = {3EFFA348-64BB-484B-AB3B-839D6C3C8424}
		{6F4D9F4B-8138-441A-9A82-CB625F9452A7} = {EE2A9459-CA21-492A-BC54-2E8F3C4A608C}
		{CA5D2833-6BED-41C8-8820-38E412B6276D} = {EE2A9459-CA21-492A-BC54-2E8F3C4A608C}
		{A076113C-9962-4B91-AB44-97D821B93A4E} = {EE2A9459-CA21-492A-BC54-2E8F3C4A608C}
		{FBDE1374-BE0C-471C-9BD2-F3EA81D8E950} = {6F4D9F4B-8138-441A-9A82-CB625F9452A7}
		{620A588F-1094-4F0C-880E-4E829749C458} = {CA5D2833-6BED-41C8-8820-38E412B6276D}
		{AABBB9DE-E712-4642-8220-2B0B5DC45698} = {A076113C-9962-4B91-AB44-97D821B93A4E}
		{39C549DE-F767-442E-B42A-3C2F07E56D7F} = {EE2A9459-CA21-492A-BC54-2E8F3C4A608C}
		{E44C2148-2067-42B2-A5D0-1D0157132914} = {39C549DE-F767-442E-B42A-3C2F07E56D7F}
		{5C011C13-5EBE-4674-9076-A7779F044851} = {EE2A9459-CA21-492A-BC54-2E8F3C4A608C}
		{2ACEAEE1-37C8-4759-89E0-D2F59007A679} = {5C011C13-5EBE-4674-9076-A7779F044851}
		{18D8C4E4-3524-45C6-8043-5DB2A61C8B8C} = {2B9E76D6-D512-4491-8E67-33D15AC9794B}
	EndGlobalSection
	GlobalSection(ExtensibilityGlobals) = postSolution
		SolutionGuid = {34C5E58D-4908-408D-B15C-A553CD18A5E8}
	EndGlobalSection
EndGlobal
